
Microsoft Visual Studio Solution File, Format Version 12.00
# Visual Studio Version 17
VisualStudioVersion = 17.14.36429.23 d17.14
MinimumVisualStudioVersion = 10.0.40219.1
Project("{FAE04EC0-301F-11D3-BF4B-00C04F79EFBC}") = "StockManageMVC", "StockManageMVC.csproj", "{B22353BA-4144-4BA8-94CE-AE88575ADD1A}"
EndProject
Global
	GlobalSection(SolutionConfigurationPlatforms) = preSolution
		Debug|Any CPU = Debug|Any CPU
		Release|Any CPU = Release|Any CPU
	EndGlobalSection
	GlobalSection(ProjectConfigurationPlatforms) = postSolution
		{B22353BA-4144-4BA8-94CE-AE88575ADD1A}.Debug|Any CPU.ActiveCfg = Debug|Any CPU
		{B22353BA-4144-4BA8-94CE-AE88575ADD1A}.Debug|Any CPU.Build.0 = Debug|Any CPU
		{B22353BA-4144-4BA8-94CE-AE88575ADD1A}.Release|Any CPU.ActiveCfg = Release|Any CPU
		{B22353BA-4144-4BA8-94CE-AE88575ADD1A}.Release|Any CPU.Build.0 = Release|Any CPU
	EndGlobalSection
	GlobalSection(SolutionProperties) = preSolution
		HideSolutionNode = FALSE
	EndGlobalSection
	GlobalSection(ExtensibilityGlobals) = postSolution
		SolutionGuid = {AC690BD1-F0A4-4D04-B782-9BAEACE99472}
	EndGlobalSection
EndGlobal
